
Microsoft Visual Studio Solution File, Format Version 10.00
# Visual Studio 2008
Project("{FAE04EC0-301F-11D3-BF4B-00C04F79EFBC}") = "ReportTuner", "ReportTuner\ReportTuner.csproj", "{4D9B03C7-734B-410F-9C4A-FF9A44591036}"
EndProject
Global
	GlobalSection(SolutionConfigurationPlatforms) = preSolution
		Debug|.NET = Debug|.NET
		Debug|Any CPU = Debug|Any CPU
		Release|.NET = Release|.NET
		Release|Any CPU = Release|Any CPU
	EndGlobalSection
	GlobalSection(ProjectConfigurationPlatforms) = postSolution
		{4D9B03C7-734B-410F-9C4A-FF9A44591036}.Debug|.NET.ActiveCfg = Debug|Any CPU
		{4D9B03C7-734B-410F-9C4A-FF9A44591036}.Debug|Any CPU.ActiveCfg = Debug|Any CPU
		{4D9B03C7-734B-410F-9C4A-FF9A44591036}.Debug|Any CPU.Build.0 = Debug|Any CPU
		{4D9B03C7-734B-410F-9C4A-FF9A44591036}.Release|.NET.ActiveCfg = Release|Any CPU
		{4D9B03C7-734B-410F-9C4A-FF9A44591036}.Release|Any CPU.ActiveCfg = Release|Any CPU
		{4D9B03C7-734B-410F-9C4A-FF9A44591036}.Release|Any CPU.Build.0 = Release|Any CPU
	EndGlobalSection
	GlobalSection(SolutionProperties) = preSolution
		HideSolutionNode = FALSE
	EndGlobalSection
EndGlobal
